
Microsoft Visual Studio Solution File, Format Version 12.00
# Visual Studio Version 17
VisualStudioVersion = 17.6.33829.357
MinimumVisualStudioVersion = 10.0.40219.1
Project("{9A19103F-16F7-4668-BE54-9A1E7A4F7556}") = "Addition", "Addition\Addition.csproj", "{E048DF1D-CD9B-49C3-8BED-D2F52E60FA79}"
EndProject
Project("{9A19103F-16F7-4668-BE54-9A1E7A4F7556}") = "Remainder", "Remainder\Remainder.csproj", "{49C032DA-0B01-4EDF-AA15-A074CC0048EF}"
EndProject
Project("{9A19103F-16F7-4668-BE54-9A1E7A4F7556}") = "Calculator", "Calculator\Calculator.csproj", "{B7509DC7-AD59-4CEA-A98F-7F5C40571347}"
EndProject
Project("{9A19103F-16F7-4668-BE54-9A1E7A4F7556}") = "Censor", "Censor\Censor.csproj", "{BE521ACF-0CC9-4AE7-AF32-AE2565360FB6}"
EndProject
Project("{FAE04EC0-301F-11D3-BF4B-00C04F79EFBC}") = "MemoryMachine", "MemoryMachine\MemoryMachine.csproj", "{81FA7B94-2046-4A7B-B053-6436D13AC742}"
EndProject
Global
	GlobalSection(SolutionConfigurationPlatforms) = preSolution
		Debug|Any CPU = Debug|Any CPU
		Release|Any CPU = Release|Any CPU
	EndGlobalSection
	GlobalSection(ProjectConfigurationPlatforms) = postSolution
		{E048DF1D-CD9B-49C3-8BED-D2F52E60FA79}.Debug|Any CPU.ActiveCfg = Debug|Any CPU
		{E048DF1D-CD9B-49C3-8BED-D2F52E60FA79}.Debug|Any CPU.Build.0 = Debug|Any CPU
		{E048DF1D-CD9B-49C3-8BED-D2F52E60FA79}.Release|Any CPU.ActiveCfg = Release|Any CPU
		{E048DF1D-CD9B-49C3-8BED-D2F52E60FA79}.Release|Any CPU.Build.0 = Release|Any CPU
		{49C032DA-0B01-4EDF-AA15-A074CC0048EF}.Debug|Any CPU.ActiveCfg = Debug|Any CPU
		{49C032DA-0B01-4EDF-AA15-A074CC0048EF}.Debug|Any CPU.Build.0 = Debug|Any CPU
		{49C032DA-0B01-4EDF-AA15-A074CC0048EF}.Release|Any CPU.ActiveCfg = Release|Any CPU
		{49C032DA-0B01-4EDF-AA15-A074CC0048EF}.Release|Any CPU.Build.0 = Release|Any CPU
		{B7509DC7-AD59-4CEA-A98F-7F5C40571347}.Debug|Any CPU.ActiveCfg = Debug|Any CPU
		{B7509DC7-AD59-4CEA-A98F-7F5C40571347}.Debug|Any CPU.Build.0 = Debug|Any CPU
		{B7509DC7-AD59-4CEA-A98F-7F5C40571347}.Release|Any CPU.ActiveCfg = Release|Any CPU
		{B7509DC7-AD59-4CEA-A98F-7F5C40571347}.Release|Any CPU.Build.0 = Release|Any CPU
		{BE521ACF-0CC9-4AE7-AF32-AE2565360FB6}.Debug|Any CPU.ActiveCfg = Debug|Any CPU
		{BE521ACF-0CC9-4AE7-AF32-AE2565360FB6}.Debug|Any CPU.Build.0 = Debug|Any CPU
		{BE521ACF-0CC9-4AE7-AF32-AE2565360FB6}.Release|Any CPU.ActiveCfg = Release|Any CPU
		{BE521ACF-0CC9-4AE7-AF32-AE2565360FB6}.Release|Any CPU.Build.0 = Release|Any CPU
		{81FA7B94-2046-4A7B-B053-6436D13AC742}.Debug|Any CPU.ActiveCfg = Debug|Any CPU
		{81FA7B94-2046-4A7B-B053-6436D13AC742}.Debug|Any CPU.Build.0 = Debug|Any CPU
		{81FA7B94-2046-4A7B-B053-6436D13AC742}.Release|Any CPU.ActiveCfg = Release|Any CPU
		{81FA7B94-2046-4A7B-B053-6436D13AC742}.Release|Any CPU.Build.0 = Release|Any CPU
	EndGlobalSection
	GlobalSection(SolutionProperties) = preSolution
		HideSolutionNode = FALSE
	EndGlobalSection
	GlobalSection(ExtensibilityGlobals) = postSolution
		SolutionGuid = {D5A68F66-84CB-4534-BAB8-B9EE9647CD9C}
	EndGlobalSection
EndGlobal
